
Microsoft Visual Studio Solution File, Format Version 12.00
# Visual Studio Version 17
VisualStudioVersion = 17.0.31903.59
MinimumVisualStudioVersion = 10.0.40219.1
Project("{2150E333-8FDC-42A3-9474-1A3956D46DE8}") = "src", "src", "{C5DC0D4C-C033-450A-B6BB-0DE88B712BFC}"
EndProject
Project("{FAE04EC0-301F-11D3-BF4B-00C04F79EFBC}") = "Waybill.Api", "Waybill.Api\Waybill.Api.csproj", "{FEC091D1-977D-41FC-809E-53405E6FF25B}"
EndProject
Project("{FAE04EC0-301F-11D3-BF4B-00C04F79EFBC}") = "Waybill.Web", "Waybill.Web\Waybill.Web.csproj", "{C9D9C277-7091-477A-83A2-90AC5821D266}"
EndProject
Project("{FAE04EC0-301F-11D3-BF4B-00C04F79EFBC}") = "Waybill.ServiceDefaults", "Waybill.ServiceDefaults\Waybill.ServiceDefaults.csproj", "{851431E1-785A-491D-8C7B-2B2F069207B5}"
EndProject
Project("{FAE04EC0-301F-11D3-BF4B-00C04F79EFBC}") = "Waybill.AppHost", "Waybill.AppHost\Waybill.AppHost.csproj", "{CFE57331-F6ED-4F83-AE40-61BDDC816F7A}"
EndProject
Project("{FAE04EC0-301F-11D3-BF4B-00C04F79EFBC}") = "WayBill.Core", "WayBill.Core\WayBill.Core.csproj", "{28D5619C-D1D2-4F06-B411-2FC1CDD171F5}"
EndProject
Project("{FAE04EC0-301F-11D3-BF4B-00C04F79EFBC}") = "Waybill.Application", "Waybill.Application\Waybill.Application.csproj", "{76F2FEB8-8E46-406B-888D-C306C9DE7D52}"
EndProject
Project("{FAE04EC0-301F-11D3-BF4B-00C04F79EFBC}") = "Waybill.Infrastructure", "Waybill.Infrastructure\Waybill.Infrastructure.csproj", "{96BB9F25-AE24-4DAA-945C-072033B3E548}"
EndProject
Global
	GlobalSection(SolutionConfigurationPlatforms) = preSolution
		Debug|Any CPU = Debug|Any CPU
		Release|Any CPU = Release|Any CPU
	EndGlobalSection
	GlobalSection(SolutionProperties) = preSolution
		HideSolutionNode = FALSE
	EndGlobalSection
	GlobalSection(NestedProjects) = preSolution
		{FEC091D1-977D-41FC-809E-53405E6FF25B} = {C5DC0D4C-C033-450A-B6BB-0DE88B712BFC}
		{C9D9C277-7091-477A-83A2-90AC5821D266} = {C5DC0D4C-C033-450A-B6BB-0DE88B712BFC}
		{851431E1-785A-491D-8C7B-2B2F069207B5} = {C5DC0D4C-C033-450A-B6BB-0DE88B712BFC}
		{CFE57331-F6ED-4F83-AE40-61BDDC816F7A} = {C5DC0D4C-C033-450A-B6BB-0DE88B712BFC}
		{28D5619C-D1D2-4F06-B411-2FC1CDD171F5} = {C5DC0D4C-C033-450A-B6BB-0DE88B712BFC}
		{76F2FEB8-8E46-406B-888D-C306C9DE7D52} = {C5DC0D4C-C033-450A-B6BB-0DE88B712BFC}
		{96BB9F25-AE24-4DAA-945C-072033B3E548} = {C5DC0D4C-C033-450A-B6BB-0DE88B712BFC}
	EndGlobalSection
	GlobalSection(ProjectConfigurationPlatforms) = postSolution
		{FEC091D1-977D-41FC-809E-53405E6FF25B}.Debug|Any CPU.ActiveCfg = Debug|Any CPU
		{FEC091D1-977D-41FC-809E-53405E6FF25B}.Debug|Any CPU.Build.0 = Debug|Any CPU
		{FEC091D1-977D-41FC-809E-53405E6FF25B}.Release|Any CPU.ActiveCfg = Release|Any CPU
		{FEC091D1-977D-41FC-809E-53405E6FF25B}.Release|Any CPU.Build.0 = Release|Any CPU
		{C9D9C277-7091-477A-83A2-90AC5821D266}.Debug|Any CPU.ActiveCfg = Debug|Any CPU
		{C9D9C277-7091-477A-83A2-90AC5821D266}.Debug|Any CPU.Build.0 = Debug|Any CPU
		{C9D9C277-7091-477A-83A2-90AC5821D266}.Release|Any CPU.ActiveCfg = Release|Any CPU
		{C9D9C277-7091-477A-83A2-90AC5821D266}.Release|Any CPU.Build.0 = Release|Any CPU
		{851431E1-785A-491D-8C7B-2B2F069207B5}.Debug|Any CPU.ActiveCfg = Debug|Any CPU
		{851431E1-785A-491D-8C7B-2B2F069207B5}.Debug|Any CPU.Build.0 = Debug|Any CPU
		{851431E1-785A-491D-8C7B-2B2F069207B5}.Release|Any CPU.ActiveCfg = Release|Any CPU
		{851431E1-785A-491D-8C7B-2B2F069207B5}.Release|Any CPU.Build.0 = Release|Any CPU
		{CFE57331-F6ED-4F83-AE40-61BDDC816F7A}.Debug|Any CPU.ActiveCfg = Debug|Any CPU
		{CFE57331-F6ED-4F83-AE40-61BDDC816F7A}.Debug|Any CPU.Build.0 = Debug|Any CPU
		{CFE57331-F6ED-4F83-AE40-61BDDC816F7A}.Release|Any CPU.ActiveCfg = Release|Any CPU
		{CFE57331-F6ED-4F83-AE40-61BDDC816F7A}.Release|Any CPU.Build.0 = Release|Any CPU
		{28D5619C-D1D2-4F06-B411-2FC1CDD171F5}.Debug|Any CPU.ActiveCfg = Debug|Any CPU
		{28D5619C-D1D2-4F06-B411-2FC1CDD171F5}.Debug|Any CPU.Build.0 = Debug|Any CPU
		{28D5619C-D1D2-4F06-B411-2FC1CDD171F5}.Release|Any CPU.ActiveCfg = Release|Any CPU
		{28D5619C-D1D2-4F06-B411-2FC1CDD171F5}.Release|Any CPU.Build.0 = Release|Any CPU
		{76F2FEB8-8E46-406B-888D-C306C9DE7D52}.Debug|Any CPU.ActiveCfg = Debug|Any CPU
		{76F2FEB8-8E46-406B-888D-C306C9DE7D52}.Debug|Any CPU.Build.0 = Debug|Any CPU
		{76F2FEB8-8E46-406B-888D-C306C9DE7D52}.Release|Any CPU.ActiveCfg = Release|Any CPU
		{76F2FEB8-8E46-406B-888D-C306C9DE7D52}.Release|Any CPU.Build.0 = Release|Any CPU
		{96BB9F25-AE24-4DAA-945C-072033B3E548}.Debug|Any CPU.ActiveCfg = Debug|Any CPU
		{96BB9F25-AE24-4DAA-945C-072033B3E548}.Debug|Any CPU.Build.0 = Debug|Any CPU
		{96BB9F25-AE24-4DAA-945C-072033B3E548}.Release|Any CPU.ActiveCfg = Release|Any CPU
		{96BB9F25-AE24-4DAA-945C-072033B3E548}.Release|Any CPU.Build.0 = Release|Any CPU
	EndGlobalSection
EndGlobal
